# THIS IS AN AUTOGENERATED FILE. DO NOT EDIT THIS FILE DIRECTLY.
# yarn lockfile v1


"@types/mocha@^2.2.42":
  version "2.2.48"
  resolved "https://registry.yarnpkg.com/@types/mocha/-/mocha-2.2.48.tgz#3523b126a0b049482e1c3c11877460f76622ffab"

"@types/node@^6.0.88":
  version "6.0.101"
  resolved "https://registry.yarnpkg.com/@types/node/-/node-6.0.101.tgz#0c5911cfb434af4a51c0a499931fe6423207d921"

typescript@^2.5.2:
  version "2.7.2"
  resolved "https://registry.yarnpkg.com/typescript/-/typescript-2.7.2.tgz#2d615a1ef4aee4f574425cdff7026edf81919836"
